
Microsoft Visual Studio Solution File, Format Version 11.00
# Visual Studio 2010
Project("{8BC9CEB8-8B4A-11D0-8D11-00A0C91BC942}") = "sandbox", "src\sandbox\sandbox.vcxproj", "{F43CC0E8-0433-4D36-963D-F8C862E0EC07}"
EndProject
Project("{8BC9CEB8-8B4A-11D0-8D11-00A0C91BC942}") = "shared", "src\shared\shared.vcxproj", "{4D214C15-C9A6-4350-A398-043FC416458E}"
EndProject
Project("{8BC9CEB8-8B4A-11D0-8D11-00A0C91BC942}") = "zone", "src\zone\zone.vcxproj", "{4B432661-A4E1-42F9-92B0-B151C222B025}"
	ProjectSection(ProjectDependencies) = postProject
		{4D214C15-C9A6-4350-A398-043FC416458E} = {4D214C15-C9A6-4350-A398-043FC416458E}
	EndProjectSection
EndProject
Project("{8BC9CEB8-8B4A-11D0-8D11-00A0C91BC942}") = "login", "src\login\login.vcxproj", "{E34B60F0-8B08-48F2-95FB-6A0422D05B1A}"
	ProjectSection(ProjectDependencies) = postProject
		{4D214C15-C9A6-4350-A398-043FC416458E} = {4D214C15-C9A6-4350-A398-043FC416458E}
	EndProjectSection
EndProject
Project("{8BC9CEB8-8B4A-11D0-8D11-00A0C91BC942}") = "test", "test\test.vcxproj", "{CA2E6EA0-2538-407F-A323-EA9444A644AF}"
	ProjectSection(ProjectDependencies) = postProject
		{F43CC0E8-0433-4D36-963D-F8C862E0EC07} = {F43CC0E8-0433-4D36-963D-F8C862E0EC07}
	EndProjectSection
EndProject
Global
	GlobalSection(SolutionConfigurationPlatforms) = preSolution
		Debug|Win32 = Debug|Win32
		Release|Win32 = Release|Win32
	EndGlobalSection
	GlobalSection(ProjectConfigurationPlatforms) = postSolution
		{F43CC0E8-0433-4D36-963D-F8C862E0EC07}.Debug|Win32.ActiveCfg = Debug|Win32
		{F43CC0E8-0433-4D36-963D-F8C862E0EC07}.Debug|Win32.Build.0 = Debug|Win32
		{F43CC0E8-0433-4D36-963D-F8C862E0EC07}.Release|Win32.ActiveCfg = Release|Win32
		{F43CC0E8-0433-4D36-963D-F8C862E0EC07}.Release|Win32.Build.0 = Release|Win32
		{4D214C15-C9A6-4350-A398-043FC416458E}.Debug|Win32.ActiveCfg = Debug|Win32
		{4D214C15-C9A6-4350-A398-043FC416458E}.Debug|Win32.Build.0 = Debug|Win32
		{4D214C15-C9A6-4350-A398-043FC416458E}.Release|Win32.ActiveCfg = Release|Win32
		{4D214C15-C9A6-4350-A398-043FC416458E}.Release|Win32.Build.0 = Release|Win32
		{4B432661-A4E1-42F9-92B0-B151C222B025}.Debug|Win32.ActiveCfg = Debug|Win32
		{4B432661-A4E1-42F9-92B0-B151C222B025}.Debug|Win32.Build.0 = Debug|Win32
		{4B432661-A4E1-42F9-92B0-B151C222B025}.Release|Win32.ActiveCfg = Release|Win32
		{4B432661-A4E1-42F9-92B0-B151C222B025}.Release|Win32.Build.0 = Release|Win32
		{E34B60F0-8B08-48F2-95FB-6A0422D05B1A}.Debug|Win32.ActiveCfg = Debug|Win32
		{E34B60F0-8B08-48F2-95FB-6A0422D05B1A}.Debug|Win32.Build.0 = Debug|Win32
		{E34B60F0-8B08-48F2-95FB-6A0422D05B1A}.Release|Win32.ActiveCfg = Release|Win32
		{E34B60F0-8B08-48F2-95FB-6A0422D05B1A}.Release|Win32.Build.0 = Release|Win32
		{CA2E6EA0-2538-407F-A323-EA9444A644AF}.Debug|Win32.ActiveCfg = Debug|Win32
		{CA2E6EA0-2538-407F-A323-EA9444A644AF}.Debug|Win32.Build.0 = Debug|Win32
		{CA2E6EA0-2538-407F-A323-EA9444A644AF}.Release|Win32.ActiveCfg = Release|Win32
		{CA2E6EA0-2538-407F-A323-EA9444A644AF}.Release|Win32.Build.0 = Release|Win32
	EndGlobalSection
	GlobalSection(SolutionProperties) = preSolution
		HideSolutionNode = FALSE
	EndGlobalSection
EndGlobal
